
Microsoft Visual Studio Solution File, Format Version 12.00
# Visual Studio 15
VisualStudioVersion = 15.0.27428.2027
MinimumVisualStudioVersion = 10.0.40219.1
Project("{888888A0-9F3D-457C-B088-3A5042F75D52}") = "SampleGame", "SampleGame\SampleGame.pyproj", "{3CA74175-74A7-4095-864D-8961884E6BD0}"
EndProject
Global
	GlobalSection(SolutionConfigurationPlatforms) = preSolution
		Debug|Any CPU = Debug|Any CPU
		Release|Any CPU = Release|Any CPU
	EndGlobalSection
	GlobalSection(ProjectConfigurationPlatforms) = postSolution
		{3CA74175-74A7-4095-864D-8961884E6BD0}.Debug|Any CPU.ActiveCfg = Debug|Any CPU
		{3CA74175-74A7-4095-864D-8961884E6BD0}.Release|Any CPU.ActiveCfg = Release|Any CPU
	EndGlobalSection
	GlobalSection(SolutionProperties) = preSolution
		HideSolutionNode = FALSE
	EndGlobalSection
	GlobalSection(ExtensibilityGlobals) = postSolution
		SolutionGuid = {9C4B5995-17C2-441A-BAC8-00DEC64822C2}
	EndGlobalSection
EndGlobal
